// !$*UTF8*$!
{
	archiveVersion = 1;
	classes = {
	};
	objectVersion = 56;
	objects = {

/* Begin PBXBuildFile section */
		8FE530AEC6206491F04EB4AF /* Pods_MovieList.framework in Frameworks */ = {isa = PBXBuildFile; fileRef = B02EF52AD607EC9FA972C4FD /* Pods_MovieList.framework */; };
		AC54EE982997B517000287BA /* AppDelegate.swift in Sources */ = {isa = PBXBuildFile; fileRef = AC54EE972997B517000287BA /* AppDelegate.swift */; };
		AC54EE9A2997B517000287BA /* SceneDelegate.swift in Sources */ = {isa = PBXBuildFile; fileRef = AC54EE992997B517000287BA /* SceneDelegate.swift */; };
		AC54EE9C2997B517000287BA /* ViewController.swift in Sources */ = {isa = PBXBuildFile; fileRef = AC54EE9B2997B517000287BA /* ViewController.swift */; };
		AC54EE9F2997B517000287BA /* Main.storyboard in Resources */ = {isa = PBXBuildFile; fileRef = AC54EE9D2997B517000287BA /* Main.storyboard */; };
		AC54EEA12997B518000287BA /* Assets.xcassets in Resources */ = {isa = PBXBuildFile; fileRef = AC54EEA02997B518000287BA /* Assets.xcassets */; };
		AC54EEA42997B518000287BA /* LaunchScreen.storyboard in Resources */ = {isa = PBXBuildFile; fileRef = AC54EEA22997B518000287BA /* LaunchScreen.storyboard */; };
		AC54EEAC2997DC26000287BA /* Configuration.swift in Sources */ = {isa = PBXBuildFile; fileRef = AC54EEAB2997DC26000287BA /* Configuration.swift */; };
		AC54EEAF2997DC4C000287BA /* APIClient.swift in Sources */ = {isa = PBXBuildFile; fileRef = AC54EEAE2997DC4C000287BA /* APIClient.swift */; };
		AC54EEB12997DC65000287BA /* APIRouter.swift in Sources */ = {isa = PBXBuildFile; fileRef = AC54EEB02997DC65000287BA /* APIRouter.swift */; };
		AC54EEB32997DC76000287BA /* Movie.swift in Sources */ = {isa = PBXBuildFile; fileRef = AC54EEB22997DC76000287BA /* Movie.swift */; };
		AC54EEB92997DE42000287BA /* UIView+Extension.swift in Sources */ = {isa = PBXBuildFile; fileRef = AC54EEB82997DE42000287BA /* UIView+Extension.swift */; };
		AC54EEBB2997DEA6000287BA /* Data+Extension.swift in Sources */ = {isa = PBXBuildFile; fileRef = AC54EEBA2997DEA6000287BA /* Data+Extension.swift */; };
		AC54EEBD2997DEC8000287BA /* Encodable+Extension.swift in Sources */ = {isa = PBXBuildFile; fileRef = AC54EEBC2997DEC8000287BA /* Encodable+Extension.swift */; };
		AC54EEBF2997DF85000287BA /* AppConstants.swift in Sources */ = {isa = PBXBuildFile; fileRef = AC54EEBE2997DF85000287BA /* AppConstants.swift */; };
		AC54EEC32997E01B000287BA /* MovieListViewController.swift in Sources */ = {isa = PBXBuildFile; fileRef = AC54EEC22997E01B000287BA /* MovieListViewController.swift */; };
/* End PBXBuildFile section */

/* Begin PBXFileReference section */
		4C967A98AD37798B5AF24C53 /* Pods-MovieList.debug.xcconfig */ = {isa = PBXFileReference; includeInIndex = 1; lastKnownFileType = text.xcconfig; name = "Pods-MovieList.debug.xcconfig"; path = "Target Support Files/Pods-MovieList/Pods-MovieList.debug.xcconfig"; sourceTree = "<group>"; };
		AC54EE942997B517000287BA /* MovieList.app */ = {isa = PBXFileReference; explicitFileType = wrapper.application; includeInIndex = 0; path = MovieList.app; sourceTree = BUILT_PRODUCTS_DIR; };
		AC54EE972997B517000287BA /* AppDelegate.swift */ = {isa = PBXFileReference; lastKnownFileType = sourcecode.swift; path = AppDelegate.swift; sourceTree = "<group>"; };
		AC54EE992997B517000287BA /* SceneDelegate.swift */ = {isa = PBXFileReference; lastKnownFileType = sourcecode.swift; path = SceneDelegate.swift; sourceTree = "<group>"; };
		AC54EE9B2997B517000287BA /* ViewController.swift */ = {isa = PBXFileReference; lastKnownFileType = sourcecode.swift; path = ViewController.swift; sourceTree = "<group>"; };
		AC54EE9E2997B517000287BA /* Base */ = {isa = PBXFileReference; lastKnownFileType = file.storyboard; name = Base; path = Base.lproj/Main.storyboard; sourceTree = "<group>"; };
		AC54EEA02997B518000287BA /* Assets.xcassets */ = {isa = PBXFileReference; lastKnownFileType = folder.assetcatalog; path = Assets.xcassets; sourceTree = "<group>"; };
		AC54EEA32997B518000287BA /* Base */ = {isa = PBXFileReference; lastKnownFileType = file.storyboard; name = Base; path = Base.lproj/LaunchScreen.storyboard; sourceTree = "<group>"; };
		AC54EEA52997B518000287BA /* Info.plist */ = {isa = PBXFileReference; lastKnownFileType = text.plist.xml; path = Info.plist; sourceTree = "<group>"; };
		AC54EEAB2997DC26000287BA /* Configuration.swift */ = {isa = PBXFileReference; lastKnownFileType = sourcecode.swift; path = Configuration.swift; sourceTree = "<group>"; };
		AC54EEAE2997DC4C000287BA /* APIClient.swift */ = {isa = PBXFileReference; lastKnownFileType = sourcecode.swift; path = APIClient.swift; sourceTree = "<group>"; };
		AC54EEB02997DC65000287BA /* APIRouter.swift */ = {isa = PBXFileReference; lastKnownFileType = sourcecode.swift; path = APIRouter.swift; sourceTree = "<group>"; };
		AC54EEB22997DC76000287BA /* Movie.swift */ = {isa = PBXFileReference; lastKnownFileType = sourcecode.swift; path = Movie.swift; sourceTree = "<group>"; };
		AC54EEB82997DE42000287BA /* UIView+Extension.swift */ = {isa = PBXFileReference; lastKnownFileType = sourcecode.swift; path = "UIView+Extension.swift"; sourceTree = "<group>"; };
		AC54EEBA2997DEA6000287BA /* Data+Extension.swift */ = {isa = PBXFileReference; lastKnownFileType = sourcecode.swift; path = "Data+Extension.swift"; sourceTree = "<group>"; };
		AC54EEBC2997DEC8000287BA /* Encodable+Extension.swift */ = {isa = PBXFileReference; lastKnownFileType = sourcecode.swift; path = "Encodable+Extension.swift"; sourceTree = "<group>"; };
		AC54EEBE2997DF85000287BA /* AppConstants.swift */ = {isa = PBXFileReference; lastKnownFileType = sourcecode.swift; path = AppConstants.swift; sourceTree = "<group>"; };
		AC54EEC22997E01B000287BA /* MovieListViewController.swift */ = {isa = PBXFileReference; lastKnownFileType = sourcecode.swift; path = MovieListViewController.swift; sourceTree = "<group>"; };
		B02EF52AD607EC9FA972C4FD /* Pods_MovieList.framework */ = {isa = PBXFileReference; explicitFileType = wrapper.framework; includeInIndex = 0; path = Pods_MovieList.framework; sourceTree = BUILT_PRODUCTS_DIR; };
		DF63A2BFFB080D47CE6A5DC8 /* Pods-MovieList.release.xcconfig */ = {isa = PBXFileReference; includeInIndex = 1; lastKnownFileType = text.xcconfig; name = "Pods-MovieList.release.xcconfig"; path = "Target Support Files/Pods-MovieList/Pods-MovieList.release.xcconfig"; sourceTree = "<group>"; };
/* End PBXFileReference section */

/* Begin PBXFrameworksBuildPhase section */
		AC54EE912997B517000287BA /* Frameworks */ = {
			isa = PBXFrameworksBuildPhase;
			buildActionMask = 2147483647;
			files = (
				8FE530AEC6206491F04EB4AF /* Pods_MovieList.framework in Frameworks */,
			);
			runOnlyForDeploymentPostprocessing = 0;
		};
/* End PBXFrameworksBuildPhase section */

/* Begin PBXGroup section */
		98D2EF2708838EAA3BC09B7C /* Pods */ = {
			isa = PBXGroup;
			children = (
				4C967A98AD37798B5AF24C53 /* Pods-MovieList.debug.xcconfig */,
				DF63A2BFFB080D47CE6A5DC8 /* Pods-MovieList.release.xcconfig */,
			);
			path = Pods;
			sourceTree = "<group>";
		};
		AC54EE8B2997B517000287BA = {
			isa = PBXGroup;
			children = (
				AC54EE962997B517000287BA /* MovieList */,
				AC54EEB62997DDE3000287BA /* App */,
				AC54EEB52997DDD6000287BA /* Scenes */,
				AC54EE952997B517000287BA /* Products */,
				98D2EF2708838EAA3BC09B7C /* Pods */,
				F91254A8A95F33F0BFFD3753 /* Frameworks */,
			);
			sourceTree = "<group>";
		};
		AC54EE952997B517000287BA /* Products */ = {
			isa = PBXGroup;
			children = (
				AC54EE942997B517000287BA /* MovieList.app */,
			);
			name = Products;
			sourceTree = "<group>";
		};
		AC54EE962997B517000287BA /* MovieList */ = {
			isa = PBXGroup;
			children = (
				AC54EEC12997DFF8000287BA /* View */,
				AC54EEC02997DF8F000287BA /* Constants */,
				AC54EEB72997DE34000287BA /* Extensions */,
				AC54EEB42997DC7A000287BA /* Model */,
				AC54EEAD2997DC31000287BA /* Network */,
				AC54EE9B2997B517000287BA /* ViewController.swift */,
				AC54EEA02997B518000287BA /* Assets.xcassets */,
				AC54EEA52997B518000287BA /* Info.plist */,
			);
			path = MovieList;
			sourceTree = "<group>";
		};
		AC54EEAD2997DC31000287BA /* Network */ = {
			isa = PBXGroup;
			children = (
				AC54EEAB2997DC26000287BA /* Configuration.swift */,
				AC54EEAE2997DC4C000287BA /* APIClient.swift */,
				AC54EEB02997DC65000287BA /* APIRouter.swift */,
			);
			path = Network;
			sourceTree = "<group>";
		};
		AC54EEB42997DC7A000287BA /* Model */ = {
			isa = PBXGroup;
			children = (
				AC54EEB22997DC76000287BA /* Movie.swift */,
			);
			path = Model;
			sourceTree = "<group>";
		};
		AC54EEB52997DDD6000287BA /* Scenes */ = {
			isa = PBXGroup;
			children = (
				AC54EE9D2997B517000287BA /* Main.storyboard */,
				AC54EEA22997B518000287BA /* LaunchScreen.storyboard */,
			);
			path = Scenes;
			sourceTree = "<group>";
		};
		AC54EEB62997DDE3000287BA /* App */ = {
			isa = PBXGroup;
			children = (
				AC54EE972997B517000287BA /* AppDelegate.swift */,
				AC54EE992997B517000287BA /* SceneDelegate.swift */,
			);
			path = App;
			sourceTree = "<group>";
		};
		AC54EEB72997DE34000287BA /* Extensions */ = {
			isa = PBXGroup;
			children = (
				AC54EEB82997DE42000287BA /* UIView+Extension.swift */,
				AC54EEBA2997DEA6000287BA /* Data+Extension.swift */,
				AC54EEBC2997DEC8000287BA /* Encodable+Extension.swift */,
			);
			path = Extensions;
			sourceTree = "<group>";
		};
		AC54EEC02997DF8F000287BA /* Constants */ = {
			isa = PBXGroup;
			children = (
				AC54EEBE2997DF85000287BA /* AppConstants.swift */,
			);
			path = Constants;
			sourceTree = "<group>";
		};
		AC54EEC12997DFF8000287BA /* View */ = {
			isa = PBXGroup;
			children = (
				AC54EEC22997E01B000287BA /* MovieListViewController.swift */,
			);
			path = View;
			sourceTree = "<group>";
		};
		F91254A8A95F33F0BFFD3753 /* Frameworks */ = {
			isa = PBXGroup;
			children = (
				B02EF52AD607EC9FA972C4FD /* Pods_MovieList.framework */,
			);
			name = Frameworks;
			sourceTree = "<group>";
		};
/* End PBXGroup section */

/* Begin PBXNativeTarget section */
		AC54EE932997B517000287BA /* MovieList */ = {
			isa = PBXNativeTarget;
			buildConfigurationList = AC54EEA82997B518000287BA /* Build configuration list for PBXNativeTarget "MovieList" */;
			buildPhases = (
				24AB7DEEF25EE93BC87427F7 /* [CP] Check Pods Manifest.lock */,
				AC54EE902997B517000287BA /* Sources */,
				AC54EE912997B517000287BA /* Frameworks */,
				AC54EE922997B517000287BA /* Resources */,
				6B80363408A9A0A938E09F3E /* [CP] Embed Pods Frameworks */,
			);
			buildRules = (
			);
			dependencies = (
			);
			name = MovieList;
			productName = MovieList;
			productReference = AC54EE942997B517000287BA /* MovieList.app */;
			productType = "com.apple.product-type.application";
		};
/* End PBXNativeTarget section */

/* Begin PBXProject section */
		AC54EE8C2997B517000287BA /* Project object */ = {
			isa = PBXProject;
			attributes = {
				BuildIndependentTargetsInParallel = 1;
				LastSwiftUpdateCheck = 1420;
				LastUpgradeCheck = 1420;
				TargetAttributes = {
					AC54EE932997B517000287BA = {
						CreatedOnToolsVersion = 14.2;
					};
				};
			};
			buildConfigurationList = AC54EE8F2997B517000287BA /* Build configuration list for PBXProject "MovieList" */;
			compatibilityVersion = "Xcode 14.0";
			developmentRegion = en;
			hasScannedForEncodings = 0;
			knownRegions = (
				en,
				Base,
			);
			mainGroup = AC54EE8B2997B517000287BA;
			productRefGroup = AC54EE952997B517000287BA /* Products */;
			projectDirPath = "";
			projectRoot = "";
			targets = (
				AC54EE932997B517000287BA /* MovieList */,
			);
		};
/* End PBXProject section */

/* Begin PBXResourcesBuildPhase section */
		AC54EE922997B517000287BA /* Resources */ = {
			isa = PBXResourcesBuildPhase;
			buildActionMask = 2147483647;
			files = (
				AC54EEA42997B518000287BA /* LaunchScreen.storyboard in Resources */,
				AC54EEA12997B518000287BA /* Assets.xcassets in Resources */,
				AC54EE9F2997B517000287BA /* Main.storyboard in Resources */,
			);
			runOnlyForDeploymentPostprocessing = 0;
		};
/* End PBXResourcesBuildPhase section */

/* Begin PBXShellScriptBuildPhase section */
		24AB7DEEF25EE93BC87427F7 /* [CP] Check Pods Manifest.lock */ = {
			isa = PBXShellScriptBuildPhase;
			buildActionMask = 2147483647;
			files = (
			);
			inputFileListPaths = (
			);
			inputPaths = (
				"${PODS_PODFILE_DIR_PATH}/Podfile.lock",
				"${PODS_ROOT}/Manifest.lock",
			);
			name = "[CP] Check Pods Manifest.lock";
			outputFileListPaths = (
			);
			outputPaths = (
				"$(DERIVED_FILE_DIR)/Pods-MovieList-checkManifestLockResult.txt",
			);
			runOnlyForDeploymentPostprocessing = 0;
			shellPath = /bin/sh;
			shellScript = "diff \"${PODS_PODFILE_DIR_PATH}/Podfile.lock\" \"${PODS_ROOT}/Manifest.lock\" > /dev/null\nif [ $? != 0 ] ; then\n    # print error to STDERR\n    echo \"error: The sandbox is not in sync with the Podfile.lock. Run 'pod install' or update your CocoaPods installation.\" >&2\n    exit 1\nfi\n# This output is used by Xcode 'outputs' to avoid re-running this script phase.\necho \"SUCCESS\" > \"${SCRIPT_OUTPUT_FILE_0}\"\n";
			showEnvVarsInLog = 0;
		};
		6B80363408A9A0A938E09F3E /* [CP] Embed Pods Frameworks */ = {
			isa = PBXShellScriptBuildPhase;
			buildActionMask = 2147483647;
			files = (
			);
			inputFileListPaths = (
				"${PODS_ROOT}/Target Support Files/Pods-MovieList/Pods-MovieList-frameworks-${CONFIGURATION}-input-files.xcfilelist",
			);
			name = "[CP] Embed Pods Frameworks";
			outputFileListPaths = (
				"${PODS_ROOT}/Target Support Files/Pods-MovieList/Pods-MovieList-frameworks-${CONFIGURATION}-output-files.xcfilelist",
			);
			runOnlyForDeploymentPostprocessing = 0;
			shellPath = /bin/sh;
			shellScript = "\"${PODS_ROOT}/Target Support Files/Pods-MovieList/Pods-MovieList-frameworks.sh\"\n";
			showEnvVarsInLog = 0;
		};
/* End PBXShellScriptBuildPhase section */

/* Begin PBXSourcesBuildPhase section */
		AC54EE902997B517000287BA /* Sources */ = {
			isa = PBXSourcesBuildPhase;
			buildActionMask = 2147483647;
			files = (
				AC54EEB32997DC76000287BA /* Movie.swift in Sources */,
				AC54EE9C2997B517000287BA /* ViewController.swift in Sources */,
				AC54EEB92997DE42000287BA /* UIView+Extension.swift in Sources */,
				AC54EEC32997E01B000287BA /* MovieListViewController.swift in Sources */,
				AC54EEBF2997DF85000287BA /* AppConstants.swift in Sources */,
				AC54EEBD2997DEC8000287BA /* Encodable+Extension.swift in Sources */,
				AC54EEB12997DC65000287BA /* APIRouter.swift in Sources */,
				AC54EE982997B517000287BA /* AppDelegate.swift in Sources */,
				AC54EEAC2997DC26000287BA /* Configuration.swift in Sources */,
				AC54EEAF2997DC4C000287BA /* APIClient.swift in Sources */,
				AC54EE9A2997B517000287BA /* SceneDelegate.swift in Sources */,
				AC54EEBB2997DEA6000287BA /* Data+Extension.swift in Sources */,
			);
			runOnlyForDeploymentPostprocessing = 0;
		};
/* End PBXSourcesBuildPhase section */

/* Begin PBXVariantGroup section */
		AC54EE9D2997B517000287BA /* Main.storyboard */ = {
			isa = PBXVariantGroup;
			children = (
				AC54EE9E2997B517000287BA /* Base */,
			);
			name = Main.storyboard;
			sourceTree = "<group>";
		};
		AC54EEA22997B518000287BA /* LaunchScreen.storyboard */ = {
			isa = PBXVariantGroup;
			children = (
				AC54EEA32997B518000287BA /* Base */,
			);
			name = LaunchScreen.storyboard;
			sourceTree = "<group>";
		};
/* End PBXVariantGroup section */

/* Begin XCBuildConfiguration section */
		AC54EEA62997B518000287BA /* Debug */ = {
			isa = XCBuildConfiguration;
			buildSettings = {
				ALWAYS_SEARCH_USER_PATHS = NO;
				CLANG_ANALYZER_NONNULL = YES;
				CLANG_ANALYZER_NUMBER_OBJECT_CONVERSION = YES_AGGRESSIVE;
				CLANG_CXX_LANGUAGE_STANDARD = "gnu++20";
				CLANG_ENABLE_MODULES = YES;
				CLANG_ENABLE_OBJC_ARC = YES;
				CLANG_ENABLE_OBJC_WEAK = YES;
				CLANG_WARN_BLOCK_CAPTURE_AUTORELEASING = YES;
				CLANG_WARN_BOOL_CONVERSION = YES;
				CLANG_WARN_COMMA = YES;
				CLANG_WARN_CONSTANT_CONVERSION = YES;
				CLANG_WARN_DEPRECATED_OBJC_IMPLEMENTATIONS = YES;
				CLANG_WARN_DIRECT_OBJC_ISA_USAGE = YES_ERROR;
				CLANG_WARN_DOCUMENTATION_COMMENTS = YES;
				CLANG_WARN_EMPTY_BODY = YES;
				CLANG_WARN_ENUM_CONVERSION = YES;
				CLANG_WARN_INFINITE_RECURSION = YES;
				CLANG_WARN_INT_CONVERSION = YES;
				CLANG_WARN_NON_LITERAL_NULL_CONVERSION = YES;
				CLANG_WARN_OBJC_IMPLICIT_RETAIN_SELF = YES;
				CLANG_WARN_OBJC_LITERAL_CONVERSION = YES;
				CLANG_WARN_OBJC_ROOT_CLASS = YES_ERROR;
				CLANG_WARN_QUOTED_INCLUDE_IN_FRAMEWORK_HEADER = YES;
				CLANG_WARN_RANGE_LOOP_ANALYSIS = YES;
				CLANG_WARN_STRICT_PROTOTYPES = YES;
				CLANG_WARN_SUSPICIOUS_MOVE = YES;
				CLANG_WARN_UNGUARDED_AVAILABILITY = YES_AGGRESSIVE;
				CLANG_WARN_UNREACHABLE_CODE = YES;
				CLANG_WARN__DUPLICATE_METHOD_MATCH = YES;
				COPY_PHASE_STRIP = NO;
				DEBUG_INFORMATION_FORMAT = dwarf;
				ENABLE_STRICT_OBJC_MSGSEND = YES;
				ENABLE_TESTABILITY = YES;
				GCC_C_LANGUAGE_STANDARD = gnu11;
				GCC_DYNAMIC_NO_PIC = NO;
				GCC_NO_COMMON_BLOCKS = YES;
				GCC_OPTIMIZATION_LEVEL = 0;
				GCC_PREPROCESSOR_DEFINITIONS = (
					"DEBUG=1",
					"$(inherited)",
				);
				GCC_WARN_64_TO_32_BIT_CONVERSION = YES;
				GCC_WARN_ABOUT_RETURN_TYPE = YES_ERROR;
				GCC_WARN_UNDECLARED_SELECTOR = YES;
				GCC_WARN_UNINITIALIZED_AUTOS = YES_AGGRESSIVE;
				GCC_WARN_UNUSED_FUNCTION = YES;
				GCC_WARN_UNUSED_VARIABLE = YES;
				IPHONEOS_DEPLOYMENT_TARGET = 16.2;
				MTL_ENABLE_DEBUG_INFO = INCLUDE_SOURCE;
				MTL_FAST_MATH = YES;
				ONLY_ACTIVE_ARCH = YES;
				SDKROOT = iphoneos;
				SWIFT_ACTIVE_COMPILATION_CONDITIONS = DEBUG;
				SWIFT_OPTIMIZATION_LEVEL = "-Onone";
			};
			name = Debug;
		};
		AC54EEA72997B518000287BA /* Release */ = {
			isa = XCBuildConfiguration;
			buildSettings = {
				ALWAYS_SEARCH_USER_PATHS = NO;
				CLANG_ANALYZER_NONNULL = YES;
				CLANG_ANALYZER_NUMBER_OBJECT_CONVERSION = YES_AGGRESSIVE;
				CLANG_CXX_LANGUAGE_STANDARD = "gnu++20";
				CLANG_ENABLE_MODULES = YES;
				CLANG_ENABLE_OBJC_ARC = YES;
				CLANG_ENABLE_OBJC_WEAK = YES;
				CLANG_WARN_BLOCK_CAPTURE_AUTORELEASING = YES;
				CLANG_WARN_BOOL_CONVERSION = YES;
				CLANG_WARN_COMMA = YES;
				CLANG_WARN_CONSTANT_CONVERSION = YES;
				CLANG_WARN_DEPRECATED_OBJC_IMPLEMENTATIONS = YES;
				CLANG_WARN_DIRECT_OBJC_ISA_USAGE = YES_ERROR;
				CLANG_WARN_DOCUMENTATION_COMMENTS = YES;
				CLANG_WARN_EMPTY_BODY = YES;
				CLANG_WARN_ENUM_CONVERSION = YES;
				CLANG_WARN_INFINITE_RECURSION = YES;
				CLANG_WARN_INT_CONVERSION = YES;
				CLANG_WARN_NON_LITERAL_NULL_CONVERSION = YES;
				CLANG_WARN_OBJC_IMPLICIT_RETAIN_SELF = YES;
				CLANG_WARN_OBJC_LITERAL_CONVERSION = YES;
				CLANG_WARN_OBJC_ROOT_CLASS = YES_ERROR;
				CLANG_WARN_QUOTED_INCLUDE_IN_FRAMEWORK_HEADER = YES;
				CLANG_WARN_RANGE_LOOP_ANALYSIS = YES;
				CLANG_WARN_STRICT_PROTOTYPES = YES;
				CLANG_WARN_SUSPICIOUS_MOVE = YES;
				CLANG_WARN_UNGUARDED_AVAILABILITY = YES_AGGRESSIVE;
				CLANG_WARN_UNREACHABLE_CODE = YES;
				CLANG_WARN__DUPLICATE_METHOD_MATCH = YES;
				COPY_PHASE_STRIP = NO;
				DEBUG_INFORMATION_FORMAT = "dwarf-with-dsym";
				ENABLE_NS_ASSERTIONS = NO;
				ENABLE_STRICT_OBJC_MSGSEND = YES;
				GCC_C_LANGUAGE_STANDARD = gnu11;
				GCC_NO_COMMON_BLOCKS = YES;
				GCC_WARN_64_TO_32_BIT_CONVERSION = YES;
				GCC_WARN_ABOUT_RETURN_TYPE = YES_ERROR;
				GCC_WARN_UNDECLARED_SELECTOR = YES;
				GCC_WARN_UNINITIALIZED_AUTOS = YES_AGGRESSIVE;
				GCC_WARN_UNUSED_FUNCTION = YES;
				GCC_WARN_UNUSED_VARIABLE = YES;
				IPHONEOS_DEPLOYMENT_TARGET = 16.2;
				MTL_ENABLE_DEBUG_INFO = NO;
				MTL_FAST_MATH = YES;
				SDKROOT = iphoneos;
				SWIFT_COMPILATION_MODE = wholemodule;
				SWIFT_OPTIMIZATION_LEVEL = "-O";
				VALIDATE_PRODUCT = YES;
			};
			name = Release;
		};
		AC54EEA92997B518000287BA /* Debug */ = {
			isa = XCBuildConfiguration;
			baseConfigurationReference = 4C967A98AD37798B5AF24C53 /* Pods-MovieList.debug.xcconfig */;
			buildSettings = {
				ASSETCATALOG_COMPILER_APPICON_NAME = AppIcon;
				ASSETCATALOG_COMPILER_GLOBAL_ACCENT_COLOR_NAME = AccentColor;
				CODE_SIGN_STYLE = Automatic;
				CURRENT_PROJECT_VERSION = 1;
				DEVELOPMENT_TEAM = ZG5H5F2MN9;
				GENERATE_INFOPLIST_FILE = YES;
				INFOPLIST_FILE = MovieList/Info.plist;
				INFOPLIST_KEY_UIApplicationSupportsIndirectInputEvents = YES;
				INFOPLIST_KEY_UILaunchStoryboardName = LaunchScreen;
				INFOPLIST_KEY_UIMainStoryboardFile = Main;
				INFOPLIST_KEY_UISupportedInterfaceOrientations_iPad = "UIInterfaceOrientationPortrait UIInterfaceOrientationPortraitUpsideDown UIInterfaceOrientationLandscapeLeft UIInterfaceOrientationLandscapeRight";
				INFOPLIST_KEY_UISupportedInterfaceOrientations_iPhone = "UIInterfaceOrientationPortrait UIInterfaceOrientationLandscapeLeft UIInterfaceOrientationLandscapeRight";
				LD_RUNPATH_SEARCH_PATHS = (
					"$(inherited)",
					"@executable_path/Frameworks",
				);
				MARKETING_VERSION = 1.0;
				PRODUCT_BUNDLE_IDENTIFIER = com.erdoganturpcu.MovieList;
				PRODUCT_NAME = "$(TARGET_NAME)";
				SWIFT_EMIT_LOC_STRINGS = YES;
				SWIFT_VERSION = 5.0;
				TARGETED_DEVICE_FAMILY = "1,2";
			};
			name = Debug;
		};
		AC54EEAA2997B518000287BA /* Release */ = {
			isa = XCBuildConfiguration;
			baseConfigurationReference = DF63A2BFFB080D47CE6A5DC8 /* Pods-MovieList.release.xcconfig */;
			buildSettings = {
				ASSETCATALOG_COMPILER_APPICON_NAME = AppIcon;
				ASSETCATALOG_COMPILER_GLOBAL_ACCENT_COLOR_NAME = AccentColor;
				CODE_SIGN_STYLE = Automatic;
				CURRENT_PROJECT_VERSION = 1;
				DEVELOPMENT_TEAM = ZG5H5F2MN9;
				GENERATE_INFOPLIST_FILE = YES;
				INFOPLIST_FILE = MovieList/Info.plist;
				INFOPLIST_KEY_UIApplicationSupportsIndirectInputEvents = YES;
				INFOPLIST_KEY_UILaunchStoryboardName = LaunchScreen;
				INFOPLIST_KEY_UIMainStoryboardFile = Main;
				INFOPLIST_KEY_UISupportedInterfaceOrientations_iPad = "UIInterfaceOrientationPortrait UIInterfaceOrientationPortraitUpsideDown UIInterfaceOrientationLandscapeLeft UIInterfaceOrientationLandscapeRight";
				INFOPLIST_KEY_UISupportedInterfaceOrientations_iPhone = "UIInterfaceOrientationPortrait UIInterfaceOrientationLandscapeLeft UIInterfaceOrientationLandscapeRight";
				LD_RUNPATH_SEARCH_PATHS = (
					"$(inherited)",
					"@executable_path/Frameworks",
				);
				MARKETING_VERSION = 1.0;
				PRODUCT_BUNDLE_IDENTIFIER = com.erdoganturpcu.MovieList;
				PRODUCT_NAME = "$(TARGET_NAME)";
				SWIFT_EMIT_LOC_STRINGS = YES;
				SWIFT_VERSION = 5.0;
				TARGETED_DEVICE_FAMILY = "1,2";
			};
			name = Release;
		};
/* End XCBuildConfiguration section */

/* Begin XCConfigurationList section */
		AC54EE8F2997B517000287BA /* Build configuration list for PBXProject "MovieList" */ = {
			isa = XCConfigurationList;
			buildConfigurations = (
				AC54EEA62997B518000287BA /* Debug */,
				AC54EEA72997B518000287BA /* Release */,
			);
			defaultConfigurationIsVisible = 0;
			defaultConfigurationName = Release;
		};
		AC54EEA82997B518000287BA /* Build configuration list for PBXNativeTarget "MovieList" */ = {
			isa = XCConfigurationList;
			buildConfigurations = (
				AC54EEA92997B518000287BA /* Debug */,
				AC54EEAA2997B518000287BA /* Release */,
			);
			defaultConfigurationIsVisible = 0;
			defaultConfigurationName = Release;
		};
/* End XCConfigurationList section */
	};
	rootObject = AC54EE8C2997B517000287BA /* Project object */;
}
